
Microsoft Visual Studio Solution File, Format Version 12.00
# Visual Studio Version 17
VisualStudioVersion = 17.7.34031.279
MinimumVisualStudioVersion = 10.0.40219.1
Project("{F184B08F-C81C-45F6-A57F-5ABD9991F28F}") = "Sport Utility System", "Sport Utility System\Sport Utility System.vbproj", "{5E9032C1-81D7-47FA-998A-97E02DAED8BB}"
EndProject
Global
	GlobalSection(SolutionConfigurationPlatforms) = preSolution
		Debug|Any CPU = Debug|Any CPU
		Release|Any CPU = Release|Any CPU
	EndGlobalSection
	GlobalSection(ProjectConfigurationPlatforms) = postSolution
		{5E9032C1-81D7-47FA-998A-97E02DAED8BB}.Debug|Any CPU.ActiveCfg = Debug|Any CPU
		{5E9032C1-81D7-47FA-998A-97E02DAED8BB}.Debug|Any CPU.Build.0 = Debug|Any CPU
		{5E9032C1-81D7-47FA-998A-97E02DAED8BB}.Release|Any CPU.ActiveCfg = Release|Any CPU
		{5E9032C1-81D7-47FA-998A-97E02DAED8BB}.Release|Any CPU.Build.0 = Release|Any CPU
	EndGlobalSection
	GlobalSection(SolutionProperties) = preSolution
		HideSolutionNode = FALSE
	EndGlobalSection
	GlobalSection(ExtensibilityGlobals) = postSolution
		SolutionGuid = {FA60750E-06EF-4441-B129-096F8B345E0E}
	EndGlobalSection
EndGlobal
